// !$*UTF8*$!
{
	archiveVersion = 1;
	classes = {
	};
	objectVersion = 50;
	objects = {

/* Begin PBXBuildFile section */
		C1B35983212080E400C8D656 /* AppDelegate.swift in Sources */ = {isa = PBXBuildFile; fileRef = C1B35982212080E400C8D656 /* AppDelegate.swift */; };
		C1B35985212080E400C8D656 /* FirstViewController.swift in Sources */ = {isa = PBXBuildFile; fileRef = C1B35984212080E400C8D656 /* FirstViewController.swift */; };
		C1B35987212080E400C8D656 /* SecondViewController.swift in Sources */ = {isa = PBXBuildFile; fileRef = C1B35986212080E400C8D656 /* SecondViewController.swift */; };
		C1B3598A212080E400C8D656 /* Main.storyboard in Resources */ = {isa = PBXBuildFile; fileRef = C1B35988212080E400C8D656 /* Main.storyboard */; };
		C1B3598C212080E500C8D656 /* Assets.xcassets in Resources */ = {isa = PBXBuildFile; fileRef = C1B3598B212080E500C8D656 /* Assets.xcassets */; };
		C1B3598F212080E500C8D656 /* LaunchScreen.storyboard in Resources */ = {isa = PBXBuildFile; fileRef = C1B3598D212080E500C8D656 /* LaunchScreen.storyboard */; };
		C1B3599A212080E500C8D656 /* MyQuietMomentTests.swift in Sources */ = {isa = PBXBuildFile; fileRef = C1B35999212080E500C8D656 /* MyQuietMomentTests.swift */; };
		C1B359A5212080E500C8D656 /* MyQuietMomentUITests.swift in Sources */ = {isa = PBXBuildFile; fileRef = C1B359A4212080E500C8D656 /* MyQuietMomentUITests.swift */; };
/* End PBXBuildFile section */

/* Begin PBXContainerItemProxy section */
		C1B35996212080E500C8D656 /* PBXContainerItemProxy */ = {
			isa = PBXContainerItemProxy;
			containerPortal = C1B35977212080E400C8D656 /* Project object */;
			proxyType = 1;
			remoteGlobalIDString = C1B3597E212080E400C8D656;
			remoteInfo = MyQuietMoment;
		};
		C1B359A1212080E500C8D656 /* PBXContainerItemProxy */ = {
			isa = PBXContainerItemProxy;
			containerPortal = C1B35977212080E400C8D656 /* Project object */;
			proxyType = 1;
			remoteGlobalIDString = C1B3597E212080E400C8D656;
			remoteInfo = MyQuietMoment;
		};
/* End PBXContainerItemProxy section */

/* Begin PBXFileReference section */
		C1B3597F212080E400C8D656 /* MyQuietMoment.app */ = {isa = PBXFileReference; explicitFileType = wrapper.application; includeInIndex = 0; path = MyQuietMoment.app; sourceTree = BUILT_PRODUCTS_DIR; };
		C1B35982212080E400C8D656 /* AppDelegate.swift */ = {isa = PBXFileReference; lastKnownFileType = sourcecode.swift; path = AppDelegate.swift; sourceTree = "<group>"; };
		C1B35984212080E400C8D656 /* FirstViewController.swift */ = {isa = PBXFileReference; lastKnownFileType = sourcecode.swift; path = FirstViewController.swift; sourceTree = "<group>"; };
		C1B35986212080E400C8D656 /* SecondViewController.swift */ = {isa = PBXFileReference; lastKnownFileType = sourcecode.swift; path = SecondViewController.swift; sourceTree = "<group>"; };
		C1B35989212080E400C8D656 /* Base */ = {isa = PBXFileReference; lastKnownFileType = file.storyboard; name = Base; path = Base.lproj/Main.storyboard; sourceTree = "<group>"; };
		C1B3598B212080E500C8D656 /* Assets.xcassets */ = {isa = PBXFileReference; lastKnownFileType = folder.assetcatalog; path = Assets.xcassets; sourceTree = "<group>"; };
		C1B3598E212080E500C8D656 /* Base */ = {isa = PBXFileReference; lastKnownFileType = file.storyboard; name = Base; path = Base.lproj/LaunchScreen.storyboard; sourceTree = "<group>"; };
		C1B35990212080E500C8D656 /* Info.plist */ = {isa = PBXFileReference; lastKnownFileType = text.plist.xml; path = Info.plist; sourceTree = "<group>"; };
		C1B35995212080E500C8D656 /* MyQuietMomentTests.xctest */ = {isa = PBXFileReference; explicitFileType = wrapper.cfbundle; includeInIndex = 0; path = MyQuietMomentTests.xctest; sourceTree = BUILT_PRODUCTS_DIR; };
		C1B35999212080E500C8D656 /* MyQuietMomentTests.swift */ = {isa = PBXFileReference; lastKnownFileType = sourcecode.swift; path = MyQuietMomentTests.swift; sourceTree = "<group>"; };
		C1B3599B212080E500C8D656 /* Info.plist */ = {isa = PBXFileReference; lastKnownFileType = text.plist.xml; path = Info.plist; sourceTree = "<group>"; };
		C1B359A0212080E500C8D656 /* MyQuietMomentUITests.xctest */ = {isa = PBXFileReference; explicitFileType = wrapper.cfbundle; includeInIndex = 0; path = MyQuietMomentUITests.xctest; sourceTree = BUILT_PRODUCTS_DIR; };
		C1B359A4212080E500C8D656 /* MyQuietMomentUITests.swift */ = {isa = PBXFileReference; lastKnownFileType = sourcecode.swift; path = MyQuietMomentUITests.swift; sourceTree = "<group>"; };
		C1B359A6212080E500C8D656 /* Info.plist */ = {isa = PBXFileReference; lastKnownFileType = text.plist.xml; path = Info.plist; sourceTree = "<group>"; };
/* End PBXFileReference section */

/* Begin PBXFrameworksBuildPhase section */
		C1B3597C212080E400C8D656 /* Frameworks */ = {
			isa = PBXFrameworksBuildPhase;
			buildActionMask = 2147483647;
			files = (
			);
			runOnlyForDeploymentPostprocessing = 0;
		};
		C1B35992212080E500C8D656 /* Frameworks */ = {
			isa = PBXFrameworksBuildPhase;
			buildActionMask = 2147483647;
			files = (
			);
			runOnlyForDeploymentPostprocessing = 0;
		};
		C1B3599D212080E500C8D656 /* Frameworks */ = {
			isa = PBXFrameworksBuildPhase;
			buildActionMask = 2147483647;
			files = (
			);
			runOnlyForDeploymentPostprocessing = 0;
		};
/* End PBXFrameworksBuildPhase section */

/* Begin PBXGroup section */
		C1B35976212080E400C8D656 = {
			isa = PBXGroup;
			children = (
				C1B35981212080E400C8D656 /* MyQuietMoment */,
				C1B35998212080E500C8D656 /* MyQuietMomentTests */,
				C1B359A3212080E500C8D656 /* MyQuietMomentUITests */,
				C1B35980212080E400C8D656 /* Products */,
			);
			sourceTree = "<group>";
		};
		C1B35980212080E400C8D656 /* Products */ = {
			isa = PBXGroup;
			children = (
				C1B3597F212080E400C8D656 /* MyQuietMoment.app */,
				C1B35995212080E500C8D656 /* MyQuietMomentTests.xctest */,
				C1B359A0212080E500C8D656 /* MyQuietMomentUITests.xctest */,
			);
			name = Products;
			sourceTree = "<group>";
		};
		C1B35981212080E400C8D656 /* MyQuietMoment */ = {
			isa = PBXGroup;
			children = (
				C1B35982212080E400C8D656 /* AppDelegate.swift */,
				C1B35984212080E400C8D656 /* FirstViewController.swift */,
				C1B35986212080E400C8D656 /* SecondViewController.swift */,
				C1B35988212080E400C8D656 /* Main.storyboard */,
				C1B3598B212080E500C8D656 /* Assets.xcassets */,
				C1B3598D212080E500C8D656 /* LaunchScreen.storyboard */,
				C1B35990212080E500C8D656 /* Info.plist */,
			);
			path = MyQuietMoment;
			sourceTree = "<group>";
		};
		C1B35998212080E500C8D656 /* MyQuietMomentTests */ = {
			isa = PBXGroup;
			children = (
				C1B35999212080E500C8D656 /* MyQuietMomentTests.swift */,
				C1B3599B212080E500C8D656 /* Info.plist */,
			);
			path = MyQuietMomentTests;
			sourceTree = "<group>";
		};
		C1B359A3212080E500C8D656 /* MyQuietMomentUITests */ = {
			isa = PBXGroup;
			children = (
				C1B359A4212080E500C8D656 /* MyQuietMomentUITests.swift */,
				C1B359A6212080E500C8D656 /* Info.plist */,
			);
			path = MyQuietMomentUITests;
			sourceTree = "<group>";
		};
/* End PBXGroup section */

/* Begin PBXNativeTarget section */
		C1B3597E212080E400C8D656 /* MyQuietMoment */ = {
			isa = PBXNativeTarget;
			buildConfigurationList = C1B359A9212080E500C8D656 /* Build configuration list for PBXNativeTarget "MyQuietMoment" */;
			buildPhases = (
				C1B3597B212080E400C8D656 /* Sources */,
				C1B3597C212080E400C8D656 /* Frameworks */,
				C1B3597D212080E400C8D656 /* Resources */,
			);
			buildRules = (
			);
			dependencies = (
			);
			name = MyQuietMoment;
			productName = MyQuietMoment;
			productReference = C1B3597F212080E400C8D656 /* MyQuietMoment.app */;
			productType = "com.apple.product-type.application";
		};
		C1B35994212080E500C8D656 /* MyQuietMomentTests */ = {
			isa = PBXNativeTarget;
			buildConfigurationList = C1B359AC212080E500C8D656 /* Build configuration list for PBXNativeTarget "MyQuietMomentTests" */;
			buildPhases = (
				C1B35991212080E500C8D656 /* Sources */,
				C1B35992212080E500C8D656 /* Frameworks */,
				C1B35993212080E500C8D656 /* Resources */,
			);
			buildRules = (
			);
			dependencies = (
				C1B35997212080E500C8D656 /* PBXTargetDependency */,
			);
			name = MyQuietMomentTests;
			productName = MyQuietMomentTests;
			productReference = C1B35995212080E500C8D656 /* MyQuietMomentTests.xctest */;
			productType = "com.apple.product-type.bundle.unit-test";
		};
		C1B3599F212080E500C8D656 /* MyQuietMomentUITests */ = {
			isa = PBXNativeTarget;
			buildConfigurationList = C1B359AF212080E500C8D656 /* Build configuration list for PBXNativeTarget "MyQuietMomentUITests" */;
			buildPhases = (
				C1B3599C212080E500C8D656 /* Sources */,
				C1B3599D212080E500C8D656 /* Frameworks */,
				C1B3599E212080E500C8D656 /* Resources */,
			);
			buildRules = (
			);
			dependencies = (
				C1B359A2212080E500C8D656 /* PBXTargetDependency */,
			);
			name = MyQuietMomentUITests;
			productName = MyQuietMomentUITests;
			productReference = C1B359A0212080E500C8D656 /* MyQuietMomentUITests.xctest */;
			productType = "com.apple.product-type.bundle.ui-testing";
		};
/* End PBXNativeTarget section */

/* Begin PBXProject section */
		C1B35977212080E400C8D656 /* Project object */ = {
			isa = PBXProject;
			attributes = {
				LastSwiftUpdateCheck = 0940;
				LastUpgradeCheck = 0940;
				ORGANIZATIONNAME = "vincent portier";
				TargetAttributes = {
					C1B3597E212080E400C8D656 = {
						CreatedOnToolsVersion = 9.4.1;
					};
					C1B35994212080E500C8D656 = {
						CreatedOnToolsVersion = 9.4.1;
						TestTargetID = C1B3597E212080E400C8D656;
					};
					C1B3599F212080E500C8D656 = {
						CreatedOnToolsVersion = 9.4.1;
						TestTargetID = C1B3597E212080E400C8D656;
					};
				};
			};
			buildConfigurationList = C1B3597A212080E400C8D656 /* Build configuration list for PBXProject "MyQuietMoment" */;
			compatibilityVersion = "Xcode 9.3";
			developmentRegion = en;
			hasScannedForEncodings = 0;
			knownRegions = (
				en,
				Base,
			);
			mainGroup = C1B35976212080E400C8D656;
			productRefGroup = C1B35980212080E400C8D656 /* Products */;
			projectDirPath = "";
			projectRoot = "";
			targets = (
				C1B3597E212080E400C8D656 /* MyQuietMoment */,
				C1B35994212080E500C8D656 /* MyQuietMomentTests */,
				C1B3599F212080E500C8D656 /* MyQuietMomentUITests */,
			);
		};
/* End PBXProject section */

/* Begin PBXResourcesBuildPhase section */
		C1B3597D212080E400C8D656 /* Resources */ = {
			isa = PBXResourcesBuildPhase;
			buildActionMask = 2147483647;
			files = (
				C1B3598F212080E500C8D656 /* LaunchScreen.storyboard in Resources */,
				C1B3598C212080E500C8D656 /* Assets.xcassets in Resources */,
				C1B3598A212080E400C8D656 /* Main.storyboard in Resources */,
			);
			runOnlyForDeploymentPostprocessing = 0;
		};
		C1B35993212080E500C8D656 /* Resources */ = {
			isa = PBXResourcesBuildPhase;
			buildActionMask = 2147483647;
			files = (
			);
			runOnlyForDeploymentPostprocessing = 0;
		};
		C1B3599E212080E500C8D656 /* Resources */ = {
			isa = PBXResourcesBuildPhase;
			buildActionMask = 2147483647;
			files = (
			);
			runOnlyForDeploymentPostprocessing = 0;
		};
/* End PBXResourcesBuildPhase section */

/* Begin PBXSourcesBuildPhase section */
		C1B3597B212080E400C8D656 /* Sources */ = {
			isa = PBXSourcesBuildPhase;
			buildActionMask = 2147483647;
			files = (
				C1B35987212080E400C8D656 /* SecondViewController.swift in Sources */,
				C1B35983212080E400C8D656 /* AppDelegate.swift in Sources */,
				C1B35985212080E400C8D656 /* FirstViewController.swift in Sources */,
			);
			runOnlyForDeploymentPostprocessing = 0;
		};
		C1B35991212080E500C8D656 /* Sources */ = {
			isa = PBXSourcesBuildPhase;
			buildActionMask = 2147483647;
			files = (
				C1B3599A212080E500C8D656 /* MyQuietMomentTests.swift in Sources */,
			);
			runOnlyForDeploymentPostprocessing = 0;
		};
		C1B3599C212080E500C8D656 /* Sources */ = {
			isa = PBXSourcesBuildPhase;
			buildActionMask = 2147483647;
			files = (
				C1B359A5212080E500C8D656 /* MyQuietMomentUITests.swift in Sources */,
			);
			runOnlyForDeploymentPostprocessing = 0;
		};
/* End PBXSourcesBuildPhase section */

/* Begin PBXTargetDependency section */
		C1B35997212080E500C8D656 /* PBXTargetDependency */ = {
			isa = PBXTargetDependency;
			target = C1B3597E212080E400C8D656 /* MyQuietMoment */;
			targetProxy = C1B35996212080E500C8D656 /* PBXContainerItemProxy */;
		};
		C1B359A2212080E500C8D656 /* PBXTargetDependency */ = {
			isa = PBXTargetDependency;
			target = C1B3597E212080E400C8D656 /* MyQuietMoment */;
			targetProxy = C1B359A1212080E500C8D656 /* PBXContainerItemProxy */;
		};
/* End PBXTargetDependency section */

/* Begin PBXVariantGroup section */
		C1B35988212080E400C8D656 /* Main.storyboard */ = {
			isa = PBXVariantGroup;
			children = (
				C1B35989212080E400C8D656 /* Base */,
			);
			name = Main.storyboard;
			sourceTree = "<group>";
		};
		C1B3598D212080E500C8D656 /* LaunchScreen.storyboard */ = {
			isa = PBXVariantGroup;
			children = (
				C1B3598E212080E500C8D656 /* Base */,
			);
			name = LaunchScreen.storyboard;
			sourceTree = "<group>";
		};
/* End PBXVariantGroup section */

/* Begin XCBuildConfiguration section */
		C1B359A7212080E500C8D656 /* Debug */ = {
			isa = XCBuildConfiguration;
			buildSettings = {
				ALWAYS_SEARCH_USER_PATHS = NO;
				CLANG_ANALYZER_NONNULL = YES;
				CLANG_ANALYZER_NUMBER_OBJECT_CONVERSION = YES_AGGRESSIVE;
				CLANG_CXX_LANGUAGE_STANDARD = "gnu++14";
				CLANG_CXX_LIBRARY = "libc++";
				CLANG_ENABLE_MODULES = YES;
				CLANG_ENABLE_OBJC_ARC = YES;
				CLANG_ENABLE_OBJC_WEAK = YES;
				CLANG_WARN_BLOCK_CAPTURE_AUTORELEASING = YES;
				CLANG_WARN_BOOL_CONVERSION = YES;
				CLANG_WARN_COMMA = YES;
				CLANG_WARN_CONSTANT_CONVERSION = YES;
				CLANG_WARN_DEPRECATED_OBJC_IMPLEMENTATIONS = YES;
				CLANG_WARN_DIRECT_OBJC_ISA_USAGE = YES_ERROR;
				CLANG_WARN_DOCUMENTATION_COMMENTS = YES;
				CLANG_WARN_EMPTY_BODY = YES;
				CLANG_WARN_ENUM_CONVERSION = YES;
				CLANG_WARN_INFINITE_RECURSION = YES;
				CLANG_WARN_INT_CONVERSION = YES;
				CLANG_WARN_NON_LITERAL_NULL_CONVERSION = YES;
				CLANG_WARN_OBJC_IMPLICIT_RETAIN_SELF = YES;
				CLANG_WARN_OBJC_LITERAL_CONVERSION = YES;
				CLANG_WARN_OBJC_ROOT_CLASS = YES_ERROR;
				CLANG_WARN_RANGE_LOOP_ANALYSIS = YES;
				CLANG_WARN_STRICT_PROTOTYPES = YES;
				CLANG_WARN_SUSPICIOUS_MOVE = YES;
				CLANG_WARN_UNGUARDED_AVAILABILITY = YES_AGGRESSIVE;
				CLANG_WARN_UNREACHABLE_CODE = YES;
				CLANG_WARN__DUPLICATE_METHOD_MATCH = YES;
				CODE_SIGN_IDENTITY = "iPhone Developer";
				COPY_PHASE_STRIP = NO;
				DEBUG_INFORMATION_FORMAT = dwarf;
				ENABLE_STRICT_OBJC_MSGSEND = YES;
				ENABLE_TESTABILITY = YES;
				GCC_C_LANGUAGE_STANDARD = gnu11;
				GCC_DYNAMIC_NO_PIC = NO;
				GCC_NO_COMMON_BLOCKS = YES;
				GCC_OPTIMIZATION_LEVEL = 0;
				GCC_PREPROCESSOR_DEFINITIONS = (
					"DEBUG=1",
					"$(inherited)",
				);
				GCC_WARN_64_TO_32_BIT_CONVERSION = YES;
				GCC_WARN_ABOUT_RETURN_TYPE = YES_ERROR;
				GCC_WARN_UNDECLARED_SELECTOR = YES;
				GCC_WARN_UNINITIALIZED_AUTOS = YES_AGGRESSIVE;
				GCC_WARN_UNUSED_FUNCTION = YES;
				GCC_WARN_UNUSED_VARIABLE = YES;
				IPHONEOS_DEPLOYMENT_TARGET = 11.4;
				MTL_ENABLE_DEBUG_INFO = YES;
				ONLY_ACTIVE_ARCH = YES;
				SDKROOT = iphoneos;
				SWIFT_ACTIVE_COMPILATION_CONDITIONS = DEBUG;
				SWIFT_OPTIMIZATION_LEVEL = "-Onone";
			};
			name = Debug;
		};
		C1B359A8212080E500C8D656 /* Release */ = {
			isa = XCBuildConfiguration;
			buildSettings = {
				ALWAYS_SEARCH_USER_PATHS = NO;
				CLANG_ANALYZER_NONNULL = YES;
				CLANG_ANALYZER_NUMBER_OBJECT_CONVERSION = YES_AGGRESSIVE;
				CLANG_CXX_LANGUAGE_STANDARD = "gnu++14";
				CLANG_CXX_LIBRARY = "libc++";
				CLANG_ENABLE_MODULES = YES;
				CLANG_ENABLE_OBJC_ARC = YES;
				CLANG_ENABLE_OBJC_WEAK = YES;
				CLANG_WARN_BLOCK_CAPTURE_AUTORELEASING = YES;
				CLANG_WARN_BOOL_CONVERSION = YES;
				CLANG_WARN_COMMA = YES;
				CLANG_WARN_CONSTANT_CONVERSION = YES;
				CLANG_WARN_DEPRECATED_OBJC_IMPLEMENTATIONS = YES;
				CLANG_WARN_DIRECT_OBJC_ISA_USAGE = YES_ERROR;
				CLANG_WARN_DOCUMENTATION_COMMENTS = YES;
				CLANG_WARN_EMPTY_BODY = YES;
				CLANG_WARN_ENUM_CONVERSION = YES;
				CLANG_WARN_INFINITE_RECURSION = YES;
				CLANG_WARN_INT_CONVERSION = YES;
				CLANG_WARN_NON_LITERAL_NULL_CONVERSION = YES;
				CLANG_WARN_OBJC_IMPLICIT_RETAIN_SELF = YES;
				CLANG_WARN_OBJC_LITERAL_CONVERSION = YES;
				CLANG_WARN_OBJC_ROOT_CLASS = YES_ERROR;
				CLANG_WARN_RANGE_LOOP_ANALYSIS = YES;
				CLANG_WARN_STRICT_PROTOTYPES = YES;
				CLANG_WARN_SUSPICIOUS_MOVE = YES;
				CLANG_WARN_UNGUARDED_AVAILABILITY = YES_AGGRESSIVE;
				CLANG_WARN_UNREACHABLE_CODE = YES;
				CLANG_WARN__DUPLICATE_METHOD_MATCH = YES;
				CODE_SIGN_IDENTITY = "iPhone Developer";
				COPY_PHASE_STRIP = NO;
				DEBUG_INFORMATION_FORMAT = "dwarf-with-dsym";
				ENABLE_NS_ASSERTIONS = NO;
				ENABLE_STRICT_OBJC_MSGSEND = YES;
				GCC_C_LANGUAGE_STANDARD = gnu11;
				GCC_NO_COMMON_BLOCKS = YES;
				GCC_WARN_64_TO_32_BIT_CONVERSION = YES;
				GCC_WARN_ABOUT_RETURN_TYPE = YES_ERROR;
				GCC_WARN_UNDECLARED_SELECTOR = YES;
				GCC_WARN_UNINITIALIZED_AUTOS = YES_AGGRESSIVE;
				GCC_WARN_UNUSED_FUNCTION = YES;
				GCC_WARN_UNUSED_VARIABLE = YES;
				IPHONEOS_DEPLOYMENT_TARGET = 11.4;
				MTL_ENABLE_DEBUG_INFO = NO;
				SDKROOT = iphoneos;
				SWIFT_COMPILATION_MODE = wholemodule;
				SWIFT_OPTIMIZATION_LEVEL = "-O";
				VALIDATE_PRODUCT = YES;
			};
			name = Release;
		};
		C1B359AA212080E500C8D656 /* Debug */ = {
			isa = XCBuildConfiguration;
			buildSettings = {
				ASSETCATALOG_COMPILER_APPICON_NAME = AppIcon;
				CODE_SIGN_STYLE = Automatic;
				DEVELOPMENT_TEAM = W72835Q984;
				INFOPLIST_FILE = MyQuietMoment/Info.plist;
				LD_RUNPATH_SEARCH_PATHS = (
					"$(inherited)",
					"@executable_path/Frameworks",
				);
				PRODUCT_BUNDLE_IDENTIFIER = scrapp3rz.MyQuietMoment;
				PRODUCT_NAME = "$(TARGET_NAME)";
				SWIFT_VERSION = 4.0;
				TARGETED_DEVICE_FAMILY = "1,2";
			};
			name = Debug;
		};
		C1B359AB212080E500C8D656 /* Release */ = {
			isa = XCBuildConfiguration;
			buildSettings = {
				ASSETCATALOG_COMPILER_APPICON_NAME = AppIcon;
				CODE_SIGN_STYLE = Automatic;
				DEVELOPMENT_TEAM = W72835Q984;
				INFOPLIST_FILE = MyQuietMoment/Info.plist;
				LD_RUNPATH_SEARCH_PATHS = (
					"$(inherited)",
					"@executable_path/Frameworks",
				);
				PRODUCT_BUNDLE_IDENTIFIER = scrapp3rz.MyQuietMoment;
				PRODUCT_NAME = "$(TARGET_NAME)";
				SWIFT_VERSION = 4.0;
				TARGETED_DEVICE_FAMILY = "1,2";
			};
			name = Release;
		};
		C1B359AD212080E500C8D656 /* Debug */ = {
			isa = XCBuildConfiguration;
			buildSettings = {
				ALWAYS_EMBED_SWIFT_STANDARD_LIBRARIES = YES;
				BUNDLE_LOADER = "$(TEST_HOST)";
				CODE_SIGN_STYLE = Automatic;
				DEVELOPMENT_TEAM = W72835Q984;
				INFOPLIST_FILE = MyQuietMomentTests/Info.plist;
				LD_RUNPATH_SEARCH_PATHS = (
					"$(inherited)",
					"@executable_path/Frameworks",
					"@loader_path/Frameworks",
				);
				PRODUCT_BUNDLE_IDENTIFIER = scrapp3rz.MyQuietMomentTests;
				PRODUCT_NAME = "$(TARGET_NAME)";
				SWIFT_VERSION = 4.0;
				TARGETED_DEVICE_FAMILY = "1,2";
				TEST_HOST = "$(BUILT_PRODUCTS_DIR)/MyQuietMoment.app/MyQuietMoment";
			};
			name = Debug;
		};
		C1B359AE212080E500C8D656 /* Release */ = {
			isa = XCBuildConfiguration;
			buildSettings = {
				ALWAYS_EMBED_SWIFT_STANDARD_LIBRARIES = YES;
				BUNDLE_LOADER = "$(TEST_HOST)";
				CODE_SIGN_STYLE = Automatic;
				DEVELOPMENT_TEAM = W72835Q984;
				INFOPLIST_FILE = MyQuietMomentTests/Info.plist;
				LD_RUNPATH_SEARCH_PATHS = (
					"$(inherited)",
					"@executable_path/Frameworks",
					"@loader_path/Frameworks",
				);
				PRODUCT_BUNDLE_IDENTIFIER = scrapp3rz.MyQuietMomentTests;
				PRODUCT_NAME = "$(TARGET_NAME)";
				SWIFT_VERSION = 4.0;
				TARGETED_DEVICE_FAMILY = "1,2";
				TEST_HOST = "$(BUILT_PRODUCTS_DIR)/MyQuietMoment.app/MyQuietMoment";
			};
			name = Release;
		};
		C1B359B0212080E500C8D656 /* Debug */ = {
			isa = XCBuildConfiguration;
			buildSettings = {
				ALWAYS_EMBED_SWIFT_STANDARD_LIBRARIES = YES;
				CODE_SIGN_STYLE = Automatic;
				DEVELOPMENT_TEAM = W72835Q984;
				INFOPLIST_FILE = MyQuietMomentUITests/Info.plist;
				LD_RUNPATH_SEARCH_PATHS = (
					"$(inherited)",
					"@executable_path/Frameworks",
					"@loader_path/Frameworks",
				);
				PRODUCT_BUNDLE_IDENTIFIER = scrapp3rz.MyQuietMomentUITests;
				PRODUCT_NAME = "$(TARGET_NAME)";
				SWIFT_VERSION = 4.0;
				TARGETED_DEVICE_FAMILY = "1,2";
				TEST_TARGET_NAME = MyQuietMoment;
			};
			name = Debug;
		};
		C1B359B1212080E500C8D656 /* Release */ = {
			isa = XCBuildConfiguration;
			buildSettings = {
				ALWAYS_EMBED_SWIFT_STANDARD_LIBRARIES = YES;
				CODE_SIGN_STYLE = Automatic;
				DEVELOPMENT_TEAM = W72835Q984;
				INFOPLIST_FILE = MyQuietMomentUITests/Info.plist;
				LD_RUNPATH_SEARCH_PATHS = (
					"$(inherited)",
					"@executable_path/Frameworks",
					"@loader_path/Frameworks",
				);
				PRODUCT_BUNDLE_IDENTIFIER = scrapp3rz.MyQuietMomentUITests;
				PRODUCT_NAME = "$(TARGET_NAME)";
				SWIFT_VERSION = 4.0;
				TARGETED_DEVICE_FAMILY = "1,2";
				TEST_TARGET_NAME = MyQuietMoment;
			};
			name = Release;
		};
/* End XCBuildConfiguration section */

/* Begin XCConfigurationList section */
		C1B3597A212080E400C8D656 /* Build configuration list for PBXProject "MyQuietMoment" */ = {
			isa = XCConfigurationList;
			buildConfigurations = (
				C1B359A7212080E500C8D656 /* Debug */,
				C1B359A8212080E500C8D656 /* Release */,
			);
			defaultConfigurationIsVisible = 0;
			defaultConfigurationName = Release;
		};
		C1B359A9212080E500C8D656 /* Build configuration list for PBXNativeTarget "MyQuietMoment" */ = {
			isa = XCConfigurationList;
			buildConfigurations = (
				C1B359AA212080E500C8D656 /* Debug */,
				C1B359AB212080E500C8D656 /* Release */,
			);
			defaultConfigurationIsVisible = 0;
			defaultConfigurationName = Release;
		};
		C1B359AC212080E500C8D656 /* Build configuration list for PBXNativeTarget "MyQuietMomentTests" */ = {
			isa = XCConfigurationList;
			buildConfigurations = (
				C1B359AD212080E500C8D656 /* Debug */,
				C1B359AE212080E500C8D656 /* Release */,
			);
			defaultConfigurationIsVisible = 0;
			defaultConfigurationName = Release;
		};
		C1B359AF212080E500C8D656 /* Build configuration list for PBXNativeTarget "MyQuietMomentUITests" */ = {
			isa = XCConfigurationList;
			buildConfigurations = (
				C1B359B0212080E500C8D656 /* Debug */,
				C1B359B1212080E500C8D656 /* Release */,
			);
			defaultConfigurationIsVisible = 0;
			defaultConfigurationName = Release;
		};
/* End XCConfigurationList section */
	};
	rootObject = C1B35977212080E400C8D656 /* Project object */;
}
